
Microsoft Visual Studio Solution File, Format Version 12.00
# Visual Studio Version 16
VisualStudioVersion = 16.0.31424.327
MinimumVisualStudioVersion = 10.0.40219.1
Project("{FAE04EC0-301F-11D3-BF4B-00C04F79EFBC}") = "EquationApp", "EquationApp\EquationApp.csproj", "{72F8C44F-3864-4777-B173-E2F3E125D258}"
EndProject
Global
	GlobalSection(SolutionConfigurationPlatforms) = preSolution
		Debug|Any CPU = Debug|Any CPU
		Release|Any CPU = Release|Any CPU
	EndGlobalSection
	GlobalSection(ProjectConfigurationPlatforms) = postSolution
		{72F8C44F-3864-4777-B173-E2F3E125D258}.Debug|Any CPU.ActiveCfg = Debug|Any CPU
		{72F8C44F-3864-4777-B173-E2F3E125D258}.Debug|Any CPU.Build.0 = Debug|Any CPU
		{72F8C44F-3864-4777-B173-E2F3E125D258}.Release|Any CPU.ActiveCfg = Release|Any CPU
		{72F8C44F-3864-4777-B173-E2F3E125D258}.Release|Any CPU.Build.0 = Release|Any CPU
	EndGlobalSection
	GlobalSection(SolutionProperties) = preSolution
		HideSolutionNode = FALSE
	EndGlobalSection
	GlobalSection(ExtensibilityGlobals) = postSolution
		SolutionGuid = {9431741C-7F91-4FCC-9242-E22020104615}
	EndGlobalSection
EndGlobal
